
Microsoft Visual Studio Solution File, Format Version 12.00
# Visual Studio Version 17
VisualStudioVersion = 17.14.36930.0
MinimumVisualStudioVersion = 10.0.40219.1
Project("{8BC9CEB8-8B4A-11D0-8D11-00A0C91BC942}") = "MyDriver", "MyDriver.vcxproj", "{C7D4082F-8E9F-549A-629B-2850F743EC39}"
EndProject
Global
	GlobalSection(SolutionConfigurationPlatforms) = preSolution
		Debug|ARM64 = Debug|ARM64
		Debug|x64 = Debug|x64
		Release|ARM64 = Release|ARM64
		Release|x64 = Release|x64
	EndGlobalSection
	GlobalSection(ProjectConfigurationPlatforms) = postSolution
		{C7D4082F-8E9F-549A-629B-2850F743EC39}.Debug|ARM64.ActiveCfg = Debug|ARM64
		{C7D4082F-8E9F-549A-629B-2850F743EC39}.Debug|ARM64.Build.0 = Debug|ARM64
		{C7D4082F-8E9F-549A-629B-2850F743EC39}.Debug|ARM64.Deploy.0 = Debug|ARM64
		{C7D4082F-8E9F-549A-629B-2850F743EC39}.Debug|x64.ActiveCfg = Debug|x64
		{C7D4082F-8E9F-549A-629B-2850F743EC39}.Debug|x64.Build.0 = Debug|x64
		{C7D4082F-8E9F-549A-629B-2850F743EC39}.Debug|x64.Deploy.0 = Debug|x64
		{C7D4082F-8E9F-549A-629B-2850F743EC39}.Release|ARM64.ActiveCfg = Release|ARM64
		{C7D4082F-8E9F-549A-629B-2850F743EC39}.Release|ARM64.Build.0 = Release|ARM64
		{C7D4082F-8E9F-549A-629B-2850F743EC39}.Release|ARM64.Deploy.0 = Release|ARM64
		{C7D4082F-8E9F-549A-629B-2850F743EC39}.Release|x64.ActiveCfg = Release|x64
		{C7D4082F-8E9F-549A-629B-2850F743EC39}.Release|x64.Build.0 = Release|x64
		{C7D4082F-8E9F-549A-629B-2850F743EC39}.Release|x64.Deploy.0 = Release|x64
	EndGlobalSection
	GlobalSection(SolutionProperties) = preSolution
		HideSolutionNode = FALSE
	EndGlobalSection
	GlobalSection(ExtensibilityGlobals) = postSolution
		SolutionGuid = {D2D57FEA-9D26-4C9B-B2F8-B227E8D792DF}
	EndGlobalSection
EndGlobal
